
Microsoft Visual Studio Solution File, Format Version 12.00
# Visual Studio Version 17
VisualStudioVersion = 17.0.32112.339
MinimumVisualStudioVersion = 10.0.40219.1
Project("{FAE04EC0-301F-11D3-BF4B-00C04F79EFBC}") = "BookStoreApp.API", "BookStoreApp.API\BookStoreApp.API.csproj", "{DBBD9896-EF68-460E-BBC5-A16B9865640E}"
EndProject
Global
	GlobalSection(SolutionConfigurationPlatforms) = preSolution
		Debug|Any CPU = Debug|Any CPU
		Release|Any CPU = Release|Any CPU
	EndGlobalSection
	GlobalSection(ProjectConfigurationPlatforms) = postSolution
		{DBBD9896-EF68-460E-BBC5-A16B9865640E}.Debug|Any CPU.ActiveCfg = Debug|Any CPU
		{DBBD9896-EF68-460E-BBC5-A16B9865640E}.Debug|Any CPU.Build.0 = Debug|Any CPU
		{DBBD9896-EF68-460E-BBC5-A16B9865640E}.Release|Any CPU.ActiveCfg = Release|Any CPU
		{DBBD9896-EF68-460E-BBC5-A16B9865640E}.Release|Any CPU.Build.0 = Release|Any CPU
	EndGlobalSection
	GlobalSection(SolutionProperties) = preSolution
		HideSolutionNode = FALSE
	EndGlobalSection
	GlobalSection(ExtensibilityGlobals) = postSolution
		SolutionGuid = {8135E433-37B4-4461-8A91-3B25FDDDD5A9}
	EndGlobalSection
EndGlobal
